
Microsoft Visual Studio Solution File, Format Version 12.00
# Visual Studio 15
VisualStudioVersion = 15.0.27004.2009
MinimumVisualStudioVersion = 10.0.40219.1
Project("{FAE04EC0-301F-11D3-BF4B-00C04F79EFBC}") = "FactoryPattern", "FactoryPattern\FactoryPattern.csproj", "{EC684E1B-EA3F-47FD-8F45-175C56667F13}"
EndProject
Project("{FAE04EC0-301F-11D3-BF4B-00C04F79EFBC}") = "FactoryMethodPattern", "FactoryMethodPattern\FactoryMethodPattern.csproj", "{493DBC90-47D2-49F5-906D-14F3AFDDF9F8}"
EndProject
Project("{FAE04EC0-301F-11D3-BF4B-00C04F79EFBC}") = "AbstractFactoryPattern", "AbstractFactoryPattern\AbstractFactoryPattern.csproj", "{081F04C5-CF9E-4997-B04E-5F9FDCCEE90D}"
EndProject
Project("{FAE04EC0-301F-11D3-BF4B-00C04F79EFBC}") = "BuilderPattern", "BuilderPattern\BuilderPattern.csproj", "{A2804858-D1F9-4849-8C7E-1AB4DA7F979E}"
EndProject
Project("{FAE04EC0-301F-11D3-BF4B-00C04F79EFBC}") = "SingletonPattern", "SingletonPattern\SingletonPattern.csproj", "{A61E958E-B6C9-413F-BACA-EA23D38A7DF2}"
EndProject
Project("{FAE04EC0-301F-11D3-BF4B-00C04F79EFBC}") = "AdapterPattern", "AdapterPattern\AdapterPattern.csproj", "{89CDD96A-D34A-41E8-A0A3-7B47C67C56CF}"
EndProject
Global
	GlobalSection(SolutionConfigurationPlatforms) = preSolution
		Debug|Any CPU = Debug|Any CPU
		Release|Any CPU = Release|Any CPU
	EndGlobalSection
	GlobalSection(ProjectConfigurationPlatforms) = postSolution
		{EC684E1B-EA3F-47FD-8F45-175C56667F13}.Debug|Any CPU.ActiveCfg = Debug|Any CPU
		{EC684E1B-EA3F-47FD-8F45-175C56667F13}.Debug|Any CPU.Build.0 = Debug|Any CPU
		{EC684E1B-EA3F-47FD-8F45-175C56667F13}.Release|Any CPU.ActiveCfg = Release|Any CPU
		{EC684E1B-EA3F-47FD-8F45-175C56667F13}.Release|Any CPU.Build.0 = Release|Any CPU
		{493DBC90-47D2-49F5-906D-14F3AFDDF9F8}.Debug|Any CPU.ActiveCfg = Debug|Any CPU
		{493DBC90-47D2-49F5-906D-14F3AFDDF9F8}.Debug|Any CPU.Build.0 = Debug|Any CPU
		{493DBC90-47D2-49F5-906D-14F3AFDDF9F8}.Release|Any CPU.ActiveCfg = Release|Any CPU
		{493DBC90-47D2-49F5-906D-14F3AFDDF9F8}.Release|Any CPU.Build.0 = Release|Any CPU
		{081F04C5-CF9E-4997-B04E-5F9FDCCEE90D}.Debug|Any CPU.ActiveCfg = Debug|Any CPU
		{081F04C5-CF9E-4997-B04E-5F9FDCCEE90D}.Debug|Any CPU.Build.0 = Debug|Any CPU
		{081F04C5-CF9E-4997-B04E-5F9FDCCEE90D}.Release|Any CPU.ActiveCfg = Release|Any CPU
		{081F04C5-CF9E-4997-B04E-5F9FDCCEE90D}.Release|Any CPU.Build.0 = Release|Any CPU
		{A2804858-D1F9-4849-8C7E-1AB4DA7F979E}.Debug|Any CPU.ActiveCfg = Debug|Any CPU
		{A2804858-D1F9-4849-8C7E-1AB4DA7F979E}.Debug|Any CPU.Build.0 = Debug|Any CPU
		{A2804858-D1F9-4849-8C7E-1AB4DA7F979E}.Release|Any CPU.ActiveCfg = Release|Any CPU
		{A2804858-D1F9-4849-8C7E-1AB4DA7F979E}.Release|Any CPU.Build.0 = Release|Any CPU
		{A61E958E-B6C9-413F-BACA-EA23D38A7DF2}.Debug|Any CPU.ActiveCfg = Debug|Any CPU
		{A61E958E-B6C9-413F-BACA-EA23D38A7DF2}.Debug|Any CPU.Build.0 = Debug|Any CPU
		{A61E958E-B6C9-413F-BACA-EA23D38A7DF2}.Release|Any CPU.ActiveCfg = Release|Any CPU
		{A61E958E-B6C9-413F-BACA-EA23D38A7DF2}.Release|Any CPU.Build.0 = Release|Any CPU
		{89CDD96A-D34A-41E8-A0A3-7B47C67C56CF}.Debug|Any CPU.ActiveCfg = Debug|Any CPU
		{89CDD96A-D34A-41E8-A0A3-7B47C67C56CF}.Debug|Any CPU.Build.0 = Debug|Any CPU
		{89CDD96A-D34A-41E8-A0A3-7B47C67C56CF}.Release|Any CPU.ActiveCfg = Release|Any CPU
		{89CDD96A-D34A-41E8-A0A3-7B47C67C56CF}.Release|Any CPU.Build.0 = Release|Any CPU
	EndGlobalSection
	GlobalSection(SolutionProperties) = preSolution
		HideSolutionNode = FALSE
	EndGlobalSection
	GlobalSection(ExtensibilityGlobals) = postSolution
		SolutionGuid = {1F186729-EAD1-4045-8DAF-5C914B4D4824}
	EndGlobalSection
EndGlobal
